{
  "name": "prisma-flat-graphql-generator",
  "version": "0.1.3",
  "lockfileVersion": 3,
  "requires": true,
  "packages": {
    "": {
      "name": "prisma-flat-graphql-generator",
      "version": "0.1.3",
      "license": "MIT",
      "dependencies": {
        "@prisma/client": "^5.7.0",
        "@prisma/generator-helper": "^5.7.0",
        "@prisma/internals": "^5.7.0",
        "pluralize": "^8.0.0",
        "prettier": "^3.1.1"
      },
      "bin": {
        "prisma-flat-graphql-generator": "dist/generator.js"
      },
      "devDependencies": {
        "@tsconfig/node20": "^20.1.2",
        "@types/node": "^20.10.3",
        "@types/pluralize": "^0.0.33",
        "prisma": "^5.7.0",
        "typescript": "^5.0.0"
      }
    },
    "node_modules/@prisma/client": {
      "version": "5.7.1",
      "resolved": "https://registry.npmjs.org/@prisma/client/-/client-5.7.1.tgz",
      "integrity": "sha512-TUSa4nUcC4nf/e7X3jyO1pEd6XcI/TLRCA0KjkA46RDIpxUaRsBYEOqITwXRW2c0bMFyKcCRXrH4f7h4q9oOlg==",
      "hasInstallScript": true,
      "engines": {
        "node": ">=16.13"
      },
      "peerDependencies": {
        "prisma": "*"
      },
      "peerDependenciesMeta": {
        "prisma": {
          "optional": true
        }
      }
    },
    "node_modules/@prisma/debug": {
      "version": "5.7.1",
      "resolved": "https://registry.npmjs.org/@prisma/debug/-/debug-5.7.1.tgz",
      "integrity": "sha512-yrVSO/YZOxdeIxcBtZ5BaNqUfPrZkNsAKQIQg36cJKMxj/VYK3Vk5jMKkI+gQLl0KReo1YvX8GWKfV788SELjw=="
    },
    "node_modules/@prisma/engines": {
      "version": "5.7.1",
      "resolved": "https://registry.npmjs.org/@prisma/engines/-/engines-5.7.1.tgz",
      "integrity": "sha512-R+Pqbra8tpLP2cvyiUpx+SIKglav3nTCpA+rn6826CThviQ8yvbNG0s8jNpo51vS9FuZO3pOkARqG062vKX7uA==",
      "hasInstallScript": true,
      "dependencies": {
        "@prisma/debug": "5.7.1",
        "@prisma/engines-version": "5.7.1-1.0ca5ccbcfa6bdc81c003cf549abe4269f59c41e5",
        "@prisma/fetch-engine": "5.7.1",
        "@prisma/get-platform": "5.7.1"
      }
    },
    "node_modules/@prisma/engines-version": {
      "version": "5.7.1-1.0ca5ccbcfa6bdc81c003cf549abe4269f59c41e5",
      "resolved": "https://registry.npmjs.org/@prisma/engines-version/-/engines-version-5.7.1-1.0ca5ccbcfa6bdc81c003cf549abe4269f59c41e5.tgz",
      "integrity": "sha512-dIR5IQK/ZxEoWRBDOHF87r1Jy+m2ih3Joi4vzJRP+FOj5yxCwS2pS5SBR3TWoVnEK1zxtLI/3N7BjHyGF84fgw=="
    },
    "node_modules/@prisma/fetch-engine": {
      "version": "5.7.1",
      "resolved": "https://registry.npmjs.org/@prisma/fetch-engine/-/fetch-engine-5.7.1.tgz",
      "integrity": "sha512-9ELauIEBkIaEUpMIYPRlh5QELfoC6pyHolHVQgbNxglaINikZ9w9X7r1TIePAcm05pCNp2XPY1ObQIJW5nYfBQ==",
      "dependencies": {
        "@prisma/debug": "5.7.1",
        "@prisma/engines-version": "5.7.1-1.0ca5ccbcfa6bdc81c003cf549abe4269f59c41e5",
        "@prisma/get-platform": "5.7.1"
      }
    },
    "node_modules/@prisma/generator-helper": {
      "version": "5.7.1",
      "resolved": "https://registry.npmjs.org/@prisma/generator-helper/-/generator-helper-5.7.1.tgz",
      "integrity": "sha512-BiaCt3YtMnjAoqJ51rVSkvlPk0p7ErjmgFOjRUmAE/m75E9tJmFtgT6NWzXiX6KWs2OvnVuAqNY7imK6ZwlExA==",
      "dependencies": {
        "@prisma/debug": "5.7.1"
      }
    },
    "node_modules/@prisma/get-platform": {
      "version": "5.7.1",
      "resolved": "https://registry.npmjs.org/@prisma/get-platform/-/get-platform-5.7.1.tgz",
      "integrity": "sha512-eDlswr3a1m5z9D/55Iyt/nZqS5UpD+DZ9MooBB3hvrcPhDQrcf9m4Tl7buy4mvAtrubQ626ECtb8c6L/f7rGSQ==",
      "dependencies": {
        "@prisma/debug": "5.7.1"
      }
    },
    "node_modules/@prisma/internals": {
      "version": "5.7.1",
      "resolved": "https://registry.npmjs.org/@prisma/internals/-/internals-5.7.1.tgz",
      "integrity": "sha512-kOKzfPYcOh25h48H/WLNnQzrcV54U4/0ORsagF7ude28RziB4mvlwGtjcEaQVhzGV1eFV5Ir8jtDtNUPAKuikA==",
      "dependencies": {
        "@prisma/debug": "5.7.1",
        "@prisma/engines": "5.7.1",
        "@prisma/fetch-engine": "5.7.1",
        "@prisma/generator-helper": "5.7.1",
        "@prisma/get-platform": "5.7.1",
        "@prisma/prisma-schema-wasm": "5.7.1-1.0ca5ccbcfa6bdc81c003cf549abe4269f59c41e5",
        "arg": "5.0.2",
        "prompts": "2.4.2"
      }
    },
    "node_modules/@prisma/prisma-schema-wasm": {
      "version": "5.7.1-1.0ca5ccbcfa6bdc81c003cf549abe4269f59c41e5",
      "resolved": "https://registry.npmjs.org/@prisma/prisma-schema-wasm/-/prisma-schema-wasm-5.7.1-1.0ca5ccbcfa6bdc81c003cf549abe4269f59c41e5.tgz",
      "integrity": "sha512-woHCFsEQ8DyYT9mTlO++iWSw9WP7cVtH2d3P4VQ521qQlPCUpozEbFszyCLkRJPXcGi4ci9J6v4mw/v5RsdDzA=="
    },
    "node_modules/@tsconfig/node20": {
      "version": "20.1.2",
      "resolved": "https://registry.npmjs.org/@tsconfig/node20/-/node20-20.1.2.tgz",
      "integrity": "sha512-madaWq2k+LYMEhmcp0fs+OGaLFk0OenpHa4gmI4VEmCKX4PJntQ6fnnGADVFrVkBj0wIdAlQnK/MrlYTHsa1gQ==",
      "dev": true
    },
    "node_modules/@types/node": {
      "version": "20.10.5",
      "resolved": "https://registry.npmjs.org/@types/node/-/node-20.10.5.tgz",
      "integrity": "sha512-nNPsNE65wjMxEKI93yOP+NPGGBJz/PoN3kZsVLee0XMiJolxSekEVD8wRwBUBqkwc7UWop0edW50yrCQW4CyRw==",
      "dev": true,
      "dependencies": {
        "undici-types": "~5.26.4"
      }
    },
    "node_modules/@types/pluralize": {
      "version": "0.0.33",
      "resolved": "https://registry.npmjs.org/@types/pluralize/-/pluralize-0.0.33.tgz",
      "integrity": "sha512-JOqsl+ZoCpP4e8TDke9W79FDcSgPAR0l6pixx2JHkhnRjvShyYiAYw2LVsnA7K08Y6DeOnaU6ujmENO4os/cYg==",
      "dev": true
    },
    "node_modules/arg": {
      "version": "5.0.2",
      "resolved": "https://registry.npmjs.org/arg/-/arg-5.0.2.tgz",
      "integrity": "sha512-PYjyFOLKQ9y57JvQ6QLo8dAgNqswh8M1RMJYdQduT6xbWSgK36P/Z/v+p888pM69jMMfS8Xd8F6I1kQ/I9HUGg=="
    },
    "node_modules/kleur": {
      "version": "3.0.3",
      "resolved": "https://registry.npmjs.org/kleur/-/kleur-3.0.3.tgz",
      "integrity": "sha512-eTIzlVOSUR+JxdDFepEYcBMtZ9Qqdef+rnzWdRZuMbOywu5tO2w2N7rqjoANZ5k9vywhL6Br1VRjUIgTQx4E8w==",
      "engines": {
        "node": ">=6"
      }
    },
    "node_modules/pluralize": {
      "version": "8.0.0",
      "resolved": "https://registry.npmjs.org/pluralize/-/pluralize-8.0.0.tgz",
      "integrity": "sha512-Nc3IT5yHzflTfbjgqWcCPpo7DaKy4FnpB0l/zCAW0Tc7jxAiuqSxHasntB3D7887LSrA93kDJ9IXovxJYxyLCA==",
      "engines": {
        "node": ">=4"
      }
    },
    "node_modules/prettier": {
      "version": "3.1.1",
      "resolved": "https://registry.npmjs.org/prettier/-/prettier-3.1.1.tgz",
      "integrity": "sha512-22UbSzg8luF4UuZtzgiUOfcGM8s4tjBv6dJRT7j275NXsy2jb4aJa4NNveul5x4eqlF1wuhuR2RElK71RvmVaw==",
      "bin": {
        "prettier": "bin/prettier.cjs"
      },
      "engines": {
        "node": ">=14"
      },
      "funding": {
        "url": "https://github.com/prettier/prettier?sponsor=1"
      }
    },
    "node_modules/prisma": {
      "version": "5.7.1",
      "resolved": "https://registry.npmjs.org/prisma/-/prisma-5.7.1.tgz",
      "integrity": "sha512-ekho7ziH0WEJvC4AxuJz+ewRTMskrebPcrKuBwcNzVDniYxx+dXOGcorNeIb9VEMO5vrKzwNYvhD271Ui2jnNw==",
      "devOptional": true,
      "hasInstallScript": true,
      "dependencies": {
        "@prisma/engines": "5.7.1"
      },
      "bin": {
        "prisma": "build/index.js"
      },
      "engines": {
        "node": ">=16.13"
      }
    },
    "node_modules/prompts": {
      "version": "2.4.2",
      "resolved": "https://registry.npmjs.org/prompts/-/prompts-2.4.2.tgz",
      "integrity": "sha512-NxNv/kLguCA7p3jE8oL2aEBsrJWgAakBpgmgK6lpPWV+WuOmY6r2/zbAVnP+T8bQlA0nzHXSJSJW0Hq7ylaD2Q==",
      "dependencies": {
        "kleur": "^3.0.3",
        "sisteransi": "^1.0.5"
      },
      "engines": {
        "node": ">= 6"
      }
    },
    "node_modules/sisteransi": {
      "version": "1.0.5",
      "resolved": "https://registry.npmjs.org/sisteransi/-/sisteransi-1.0.5.tgz",
      "integrity": "sha512-bLGGlR1QxBcynn2d5YmDX4MGjlZvy2MRBDRNHLJ8VI6l6+9FUiyTFNJ0IveOSP0bcXgVDPRcfGqA0pjaqUpfVg=="
    },
    "node_modules/typescript": {
      "version": "5.3.3",
      "resolved": "https://registry.npmjs.org/typescript/-/typescript-5.3.3.tgz",
      "integrity": "sha512-pXWcraxM0uxAS+tN0AG/BF2TyqmHO014Z070UsJ+pFvYuRSq8KH8DmWpnbXe0pEPDHXZV3FcAbJkijJ5oNEnWw==",
      "dev": true,
      "bin": {
        "tsc": "bin/tsc",
        "tsserver": "bin/tsserver"
      },
      "engines": {
        "node": ">=14.17"
      }
    },
    "node_modules/undici-types": {
      "version": "5.26.5",
      "resolved": "https://registry.npmjs.org/undici-types/-/undici-types-5.26.5.tgz",
      "integrity": "sha512-JlCMO+ehdEIKqlFxk6IfVoAUVmgz7cU7zD/h9XZ0qzeosSHmUJVOzSQvvYSYWXkFXC+IfLKSIffhv0sVZup6pA==",
      "dev": true
    }
  }
}
